
Microsoft Visual Studio Solution File, Format Version 12.00
# Visual Studio Version 16
VisualStudioVersion = 16.0.29009.5
MinimumVisualStudioVersion = 10.0.40219.1
Project("{FAE04EC0-301F-11D3-BF4B-00C04F79EFBC}") = "BabyDriver", "BabyDriver\BabyDriver.csproj", "{BE74DEA1-98EE-4D74-983F-8BBC9305EAD4}"
EndProject
Global
	GlobalSection(SolutionConfigurationPlatforms) = preSolution
		Debug|Any CPU = Debug|Any CPU
		Release|Any CPU = Release|Any CPU
	EndGlobalSection
	GlobalSection(ProjectConfigurationPlatforms) = postSolution
		{BE74DEA1-98EE-4D74-983F-8BBC9305EAD4}.Debug|Any CPU.ActiveCfg = Debug|Any CPU
		{BE74DEA1-98EE-4D74-983F-8BBC9305EAD4}.Debug|Any CPU.Build.0 = Debug|Any CPU
		{BE74DEA1-98EE-4D74-983F-8BBC9305EAD4}.Release|Any CPU.ActiveCfg = Release|Any CPU
		{BE74DEA1-98EE-4D74-983F-8BBC9305EAD4}.Release|Any CPU.Build.0 = Release|Any CPU
	EndGlobalSection
	GlobalSection(SolutionProperties) = preSolution
		HideSolutionNode = FALSE
	EndGlobalSection
	GlobalSection(ExtensibilityGlobals) = postSolution
		SolutionGuid = {FF95701E-B01F-4650-ADA5-2CE5B4DC71B3}
	EndGlobalSection
EndGlobal
